// !$*UTF8*$!
{
	archiveVersion = 1;
	classes = {
	};
	objectVersion = 55;
	objects = {

/* Begin PBXBuildFile section */
		C75DD72D27A8202D005F7AC8 /* CalendarAppApp.swift in Sources */ = {isa = PBXBuildFile; fileRef = C75DD72C27A8202D005F7AC8 /* CalendarAppApp.swift */; };
		C75DD72F27A8202D005F7AC8 /* ContentView.swift in Sources */ = {isa = PBXBuildFile; fileRef = C75DD72E27A8202D005F7AC8 /* ContentView.swift */; };
		C75DD73127A8202F005F7AC8 /* Assets.xcassets in Resources */ = {isa = PBXBuildFile; fileRef = C75DD73027A8202F005F7AC8 /* Assets.xcassets */; };
		C75DD73427A8202F005F7AC8 /* Preview Assets.xcassets in Resources */ = {isa = PBXBuildFile; fileRef = C75DD73327A8202F005F7AC8 /* Preview Assets.xcassets */; };
		C75DD73E27A8202F005F7AC8 /* CalendarAppTests.swift in Sources */ = {isa = PBXBuildFile; fileRef = C75DD73D27A8202F005F7AC8 /* CalendarAppTests.swift */; };
		C75DD74827A8202F005F7AC8 /* CalendarAppUITests.swift in Sources */ = {isa = PBXBuildFile; fileRef = C75DD74727A8202F005F7AC8 /* CalendarAppUITests.swift */; };
		C75DD74A27A8202F005F7AC8 /* CalendarAppUITestsLaunchTests.swift in Sources */ = {isa = PBXBuildFile; fileRef = C75DD74927A8202F005F7AC8 /* CalendarAppUITestsLaunchTests.swift */; };
		C75DD75C27A8396A005F7AC8 /* getJson.swift in Sources */ = {isa = PBXBuildFile; fileRef = C75DD75B27A8396A005F7AC8 /* getJson.swift */; };
/* End PBXBuildFile section */

/* Begin PBXContainerItemProxy section */
		C75DD73A27A8202F005F7AC8 /* PBXContainerItemProxy */ = {
			isa = PBXContainerItemProxy;
			containerPortal = C75DD72127A8202D005F7AC8 /* Project object */;
			proxyType = 1;
			remoteGlobalIDString = C75DD72827A8202D005F7AC8;
			remoteInfo = CalendarApp;
		};
		C75DD74427A8202F005F7AC8 /* PBXContainerItemProxy */ = {
			isa = PBXContainerItemProxy;
			containerPortal = C75DD72127A8202D005F7AC8 /* Project object */;
			proxyType = 1;
			remoteGlobalIDString = C75DD72827A8202D005F7AC8;
			remoteInfo = CalendarApp;
		};
/* End PBXContainerItemProxy section */

/* Begin PBXFileReference section */
		C75DD72927A8202D005F7AC8 /* CalendarApp.app */ = {isa = PBXFileReference; explicitFileType = wrapper.application; includeInIndex = 0; path = CalendarApp.app; sourceTree = BUILT_PRODUCTS_DIR; };
		C75DD72C27A8202D005F7AC8 /* CalendarAppApp.swift */ = {isa = PBXFileReference; lastKnownFileType = sourcecode.swift; path = CalendarAppApp.swift; sourceTree = "<group>"; };
		C75DD72E27A8202D005F7AC8 /* ContentView.swift */ = {isa = PBXFileReference; lastKnownFileType = sourcecode.swift; path = ContentView.swift; sourceTree = "<group>"; };
		C75DD73027A8202F005F7AC8 /* Assets.xcassets */ = {isa = PBXFileReference; lastKnownFileType = folder.assetcatalog; path = Assets.xcassets; sourceTree = "<group>"; };
		C75DD73327A8202F005F7AC8 /* Preview Assets.xcassets */ = {isa = PBXFileReference; lastKnownFileType = folder.assetcatalog; path = "Preview Assets.xcassets"; sourceTree = "<group>"; };
		C75DD73927A8202F005F7AC8 /* CalendarAppTests.xctest */ = {isa = PBXFileReference; explicitFileType = wrapper.cfbundle; includeInIndex = 0; path = CalendarAppTests.xctest; sourceTree = BUILT_PRODUCTS_DIR; };
		C75DD73D27A8202F005F7AC8 /* CalendarAppTests.swift */ = {isa = PBXFileReference; lastKnownFileType = sourcecode.swift; path = CalendarAppTests.swift; sourceTree = "<group>"; };
		C75DD74327A8202F005F7AC8 /* CalendarAppUITests.xctest */ = {isa = PBXFileReference; explicitFileType = wrapper.cfbundle; includeInIndex = 0; path = CalendarAppUITests.xctest; sourceTree = BUILT_PRODUCTS_DIR; };
		C75DD74727A8202F005F7AC8 /* CalendarAppUITests.swift */ = {isa = PBXFileReference; lastKnownFileType = sourcecode.swift; path = CalendarAppUITests.swift; sourceTree = "<group>"; };
		C75DD74927A8202F005F7AC8 /* CalendarAppUITestsLaunchTests.swift */ = {isa = PBXFileReference; lastKnownFileType = sourcecode.swift; path = CalendarAppUITestsLaunchTests.swift; sourceTree = "<group>"; };
		C75DD75B27A8396A005F7AC8 /* getJson.swift */ = {isa = PBXFileReference; lastKnownFileType = sourcecode.swift; path = getJson.swift; sourceTree = "<group>"; };
/* End PBXFileReference section */

/* Begin PBXFrameworksBuildPhase section */
		C75DD72627A8202D005F7AC8 /* Frameworks */ = {
			isa = PBXFrameworksBuildPhase;
			buildActionMask = 2147483647;
			files = (
			);
			runOnlyForDeploymentPostprocessing = 0;
		};
		C75DD73627A8202F005F7AC8 /* Frameworks */ = {
			isa = PBXFrameworksBuildPhase;
			buildActionMask = 2147483647;
			files = (
			);
			runOnlyForDeploymentPostprocessing = 0;
		};
		C75DD74027A8202F005F7AC8 /* Frameworks */ = {
			isa = PBXFrameworksBuildPhase;
			buildActionMask = 2147483647;
			files = (
			);
			runOnlyForDeploymentPostprocessing = 0;
		};
/* End PBXFrameworksBuildPhase section */

/* Begin PBXGroup section */
		C75DD72027A8202D005F7AC8 = {
			isa = PBXGroup;
			children = (
				C75DD75B27A8396A005F7AC8 /* getJson.swift */,
				C75DD72B27A8202D005F7AC8 /* CalendarApp */,
				C75DD73C27A8202F005F7AC8 /* CalendarAppTests */,
				C75DD74627A8202F005F7AC8 /* CalendarAppUITests */,
				C75DD72A27A8202D005F7AC8 /* Products */,
			);
			sourceTree = "<group>";
		};
		C75DD72A27A8202D005F7AC8 /* Products */ = {
			isa = PBXGroup;
			children = (
				C75DD72927A8202D005F7AC8 /* CalendarApp.app */,
				C75DD73927A8202F005F7AC8 /* CalendarAppTests.xctest */,
				C75DD74327A8202F005F7AC8 /* CalendarAppUITests.xctest */,
			);
			name = Products;
			sourceTree = "<group>";
		};
		C75DD72B27A8202D005F7AC8 /* CalendarApp */ = {
			isa = PBXGroup;
			children = (
				C75DD72C27A8202D005F7AC8 /* CalendarAppApp.swift */,
				C75DD72E27A8202D005F7AC8 /* ContentView.swift */,
				C75DD73027A8202F005F7AC8 /* Assets.xcassets */,
				C75DD73227A8202F005F7AC8 /* Preview Content */,
			);
			path = CalendarApp;
			sourceTree = "<group>";
		};
		C75DD73227A8202F005F7AC8 /* Preview Content */ = {
			isa = PBXGroup;
			children = (
				C75DD73327A8202F005F7AC8 /* Preview Assets.xcassets */,
			);
			path = "Preview Content";
			sourceTree = "<group>";
		};
		C75DD73C27A8202F005F7AC8 /* CalendarAppTests */ = {
			isa = PBXGroup;
			children = (
				C75DD73D27A8202F005F7AC8 /* CalendarAppTests.swift */,
			);
			path = CalendarAppTests;
			sourceTree = "<group>";
		};
		C75DD74627A8202F005F7AC8 /* CalendarAppUITests */ = {
			isa = PBXGroup;
			children = (
				C75DD74727A8202F005F7AC8 /* CalendarAppUITests.swift */,
				C75DD74927A8202F005F7AC8 /* CalendarAppUITestsLaunchTests.swift */,
			);
			path = CalendarAppUITests;
			sourceTree = "<group>";
		};
/* End PBXGroup section */

/* Begin PBXNativeTarget section */
		C75DD72827A8202D005F7AC8 /* CalendarApp */ = {
			isa = PBXNativeTarget;
			buildConfigurationList = C75DD74D27A8202F005F7AC8 /* Build configuration list for PBXNativeTarget "CalendarApp" */;
			buildPhases = (
				C75DD72527A8202D005F7AC8 /* Sources */,
				C75DD72627A8202D005F7AC8 /* Frameworks */,
				C75DD72727A8202D005F7AC8 /* Resources */,
			);
			buildRules = (
			);
			dependencies = (
			);
			name = CalendarApp;
			productName = CalendarApp;
			productReference = C75DD72927A8202D005F7AC8 /* CalendarApp.app */;
			productType = "com.apple.product-type.application";
		};
		C75DD73827A8202F005F7AC8 /* CalendarAppTests */ = {
			isa = PBXNativeTarget;
			buildConfigurationList = C75DD75027A8202F005F7AC8 /* Build configuration list for PBXNativeTarget "CalendarAppTests" */;
			buildPhases = (
				C75DD73527A8202F005F7AC8 /* Sources */,
				C75DD73627A8202F005F7AC8 /* Frameworks */,
				C75DD73727A8202F005F7AC8 /* Resources */,
			);
			buildRules = (
			);
			dependencies = (
				C75DD73B27A8202F005F7AC8 /* PBXTargetDependency */,
			);
			name = CalendarAppTests;
			productName = CalendarAppTests;
			productReference = C75DD73927A8202F005F7AC8 /* CalendarAppTests.xctest */;
			productType = "com.apple.product-type.bundle.unit-test";
		};
		C75DD74227A8202F005F7AC8 /* CalendarAppUITests */ = {
			isa = PBXNativeTarget;
			buildConfigurationList = C75DD75327A8202F005F7AC8 /* Build configuration list for PBXNativeTarget "CalendarAppUITests" */;
			buildPhases = (
				C75DD73F27A8202F005F7AC8 /* Sources */,
				C75DD74027A8202F005F7AC8 /* Frameworks */,
				C75DD74127A8202F005F7AC8 /* Resources */,
			);
			buildRules = (
			);
			dependencies = (
				C75DD74527A8202F005F7AC8 /* PBXTargetDependency */,
			);
			name = CalendarAppUITests;
			productName = CalendarAppUITests;
			productReference = C75DD74327A8202F005F7AC8 /* CalendarAppUITests.xctest */;
			productType = "com.apple.product-type.bundle.ui-testing";
		};
/* End PBXNativeTarget section */

/* Begin PBXProject section */
		C75DD72127A8202D005F7AC8 /* Project object */ = {
			isa = PBXProject;
			attributes = {
				BuildIndependentTargetsInParallel = 1;
				LastSwiftUpdateCheck = 1320;
				LastUpgradeCheck = 1320;
				TargetAttributes = {
					C75DD72827A8202D005F7AC8 = {
						CreatedOnToolsVersion = 13.2.1;
					};
					C75DD73827A8202F005F7AC8 = {
						CreatedOnToolsVersion = 13.2.1;
						TestTargetID = C75DD72827A8202D005F7AC8;
					};
					C75DD74227A8202F005F7AC8 = {
						CreatedOnToolsVersion = 13.2.1;
						TestTargetID = C75DD72827A8202D005F7AC8;
					};
				};
			};
			buildConfigurationList = C75DD72427A8202D005F7AC8 /* Build configuration list for PBXProject "CalendarApp" */;
			compatibilityVersion = "Xcode 13.0";
			developmentRegion = en;
			hasScannedForEncodings = 0;
			knownRegions = (
				en,
				Base,
			);
			mainGroup = C75DD72027A8202D005F7AC8;
			productRefGroup = C75DD72A27A8202D005F7AC8 /* Products */;
			projectDirPath = "";
			projectRoot = "";
			targets = (
				C75DD72827A8202D005F7AC8 /* CalendarApp */,
				C75DD73827A8202F005F7AC8 /* CalendarAppTests */,
				C75DD74227A8202F005F7AC8 /* CalendarAppUITests */,
			);
		};
/* End PBXProject section */

/* Begin PBXResourcesBuildPhase section */
		C75DD72727A8202D005F7AC8 /* Resources */ = {
			isa = PBXResourcesBuildPhase;
			buildActionMask = 2147483647;
			files = (
				C75DD73427A8202F005F7AC8 /* Preview Assets.xcassets in Resources */,
				C75DD73127A8202F005F7AC8 /* Assets.xcassets in Resources */,
			);
			runOnlyForDeploymentPostprocessing = 0;
		};
		C75DD73727A8202F005F7AC8 /* Resources */ = {
			isa = PBXResourcesBuildPhase;
			buildActionMask = 2147483647;
			files = (
			);
			runOnlyForDeploymentPostprocessing = 0;
		};
		C75DD74127A8202F005F7AC8 /* Resources */ = {
			isa = PBXResourcesBuildPhase;
			buildActionMask = 2147483647;
			files = (
			);
			runOnlyForDeploymentPostprocessing = 0;
		};
/* End PBXResourcesBuildPhase section */

/* Begin PBXSourcesBuildPhase section */
		C75DD72527A8202D005F7AC8 /* Sources */ = {
			isa = PBXSourcesBuildPhase;
			buildActionMask = 2147483647;
			files = (
				C75DD72F27A8202D005F7AC8 /* ContentView.swift in Sources */,
				C75DD75C27A8396A005F7AC8 /* getJson.swift in Sources */,
				C75DD72D27A8202D005F7AC8 /* CalendarAppApp.swift in Sources */,
			);
			runOnlyForDeploymentPostprocessing = 0;
		};
		C75DD73527A8202F005F7AC8 /* Sources */ = {
			isa = PBXSourcesBuildPhase;
			buildActionMask = 2147483647;
			files = (
				C75DD73E27A8202F005F7AC8 /* CalendarAppTests.swift in Sources */,
			);
			runOnlyForDeploymentPostprocessing = 0;
		};
		C75DD73F27A8202F005F7AC8 /* Sources */ = {
			isa = PBXSourcesBuildPhase;
			buildActionMask = 2147483647;
			files = (
				C75DD74A27A8202F005F7AC8 /* CalendarAppUITestsLaunchTests.swift in Sources */,
				C75DD74827A8202F005F7AC8 /* CalendarAppUITests.swift in Sources */,
			);
			runOnlyForDeploymentPostprocessing = 0;
		};
/* End PBXSourcesBuildPhase section */

/* Begin PBXTargetDependency section */
		C75DD73B27A8202F005F7AC8 /* PBXTargetDependency */ = {
			isa = PBXTargetDependency;
			target = C75DD72827A8202D005F7AC8 /* CalendarApp */;
			targetProxy = C75DD73A27A8202F005F7AC8 /* PBXContainerItemProxy */;
		};
		C75DD74527A8202F005F7AC8 /* PBXTargetDependency */ = {
			isa = PBXTargetDependency;
			target = C75DD72827A8202D005F7AC8 /* CalendarApp */;
			targetProxy = C75DD74427A8202F005F7AC8 /* PBXContainerItemProxy */;
		};
/* End PBXTargetDependency section */

/* Begin XCBuildConfiguration section */
		C75DD74B27A8202F005F7AC8 /* Debug */ = {
			isa = XCBuildConfiguration;
			buildSettings = {
				ALWAYS_SEARCH_USER_PATHS = NO;
				CLANG_ANALYZER_NONNULL = YES;
				CLANG_ANALYZER_NUMBER_OBJECT_CONVERSION = YES_AGGRESSIVE;
				CLANG_CXX_LANGUAGE_STANDARD = "gnu++17";
				CLANG_CXX_LIBRARY = "libc++";
				CLANG_ENABLE_MODULES = YES;
				CLANG_ENABLE_OBJC_ARC = YES;
				CLANG_ENABLE_OBJC_WEAK = YES;
				CLANG_WARN_BLOCK_CAPTURE_AUTORELEASING = YES;
				CLANG_WARN_BOOL_CONVERSION = YES;
				CLANG_WARN_COMMA = YES;
				CLANG_WARN_CONSTANT_CONVERSION = YES;
				CLANG_WARN_DEPRECATED_OBJC_IMPLEMENTATIONS = YES;
				CLANG_WARN_DIRECT_OBJC_ISA_USAGE = YES_ERROR;
				CLANG_WARN_DOCUMENTATION_COMMENTS = YES;
				CLANG_WARN_EMPTY_BODY = YES;
				CLANG_WARN_ENUM_CONVERSION = YES;
				CLANG_WARN_INFINITE_RECURSION = YES;
				CLANG_WARN_INT_CONVERSION = YES;
				CLANG_WARN_NON_LITERAL_NULL_CONVERSION = YES;
				CLANG_WARN_OBJC_IMPLICIT_RETAIN_SELF = YES;
				CLANG_WARN_OBJC_LITERAL_CONVERSION = YES;
				CLANG_WARN_OBJC_ROOT_CLASS = YES_ERROR;
				CLANG_WARN_QUOTED_INCLUDE_IN_FRAMEWORK_HEADER = YES;
				CLANG_WARN_RANGE_LOOP_ANALYSIS = YES;
				CLANG_WARN_STRICT_PROTOTYPES = YES;
				CLANG_WARN_SUSPICIOUS_MOVE = YES;
				CLANG_WARN_UNGUARDED_AVAILABILITY = YES_AGGRESSIVE;
				CLANG_WARN_UNREACHABLE_CODE = YES;
				CLANG_WARN__DUPLICATE_METHOD_MATCH = YES;
				COPY_PHASE_STRIP = NO;
				DEBUG_INFORMATION_FORMAT = dwarf;
				ENABLE_STRICT_OBJC_MSGSEND = YES;
				ENABLE_TESTABILITY = YES;
				GCC_C_LANGUAGE_STANDARD = gnu11;
				GCC_DYNAMIC_NO_PIC = NO;
				GCC_NO_COMMON_BLOCKS = YES;
				GCC_OPTIMIZATION_LEVEL = 0;
				GCC_PREPROCESSOR_DEFINITIONS = (
					"DEBUG=1",
					"$(inherited)",
				);
				GCC_WARN_64_TO_32_BIT_CONVERSION = YES;
				GCC_WARN_ABOUT_RETURN_TYPE = YES_ERROR;
				GCC_WARN_UNDECLARED_SELECTOR = YES;
				GCC_WARN_UNINITIALIZED_AUTOS = YES_AGGRESSIVE;
				GCC_WARN_UNUSED_FUNCTION = YES;
				GCC_WARN_UNUSED_VARIABLE = YES;
				IPHONEOS_DEPLOYMENT_TARGET = 15.2;
				MTL_ENABLE_DEBUG_INFO = INCLUDE_SOURCE;
				MTL_FAST_MATH = YES;
				ONLY_ACTIVE_ARCH = YES;
				SDKROOT = iphoneos;
				SWIFT_ACTIVE_COMPILATION_CONDITIONS = DEBUG;
				SWIFT_OPTIMIZATION_LEVEL = "-Onone";
			};
			name = Debug;
		};
		C75DD74C27A8202F005F7AC8 /* Release */ = {
			isa = XCBuildConfiguration;
			buildSettings = {
				ALWAYS_SEARCH_USER_PATHS = NO;
				CLANG_ANALYZER_NONNULL = YES;
				CLANG_ANALYZER_NUMBER_OBJECT_CONVERSION = YES_AGGRESSIVE;
				CLANG_CXX_LANGUAGE_STANDARD = "gnu++17";
				CLANG_CXX_LIBRARY = "libc++";
				CLANG_ENABLE_MODULES = YES;
				CLANG_ENABLE_OBJC_ARC = YES;
				CLANG_ENABLE_OBJC_WEAK = YES;
				CLANG_WARN_BLOCK_CAPTURE_AUTORELEASING = YES;
				CLANG_WARN_BOOL_CONVERSION = YES;
				CLANG_WARN_COMMA = YES;
				CLANG_WARN_CONSTANT_CONVERSION = YES;
				CLANG_WARN_DEPRECATED_OBJC_IMPLEMENTATIONS = YES;
				CLANG_WARN_DIRECT_OBJC_ISA_USAGE = YES_ERROR;
				CLANG_WARN_DOCUMENTATION_COMMENTS = YES;
				CLANG_WARN_EMPTY_BODY = YES;
				CLANG_WARN_ENUM_CONVERSION = YES;
				CLANG_WARN_INFINITE_RECURSION = YES;
				CLANG_WARN_INT_CONVERSION = YES;
				CLANG_WARN_NON_LITERAL_NULL_CONVERSION = YES;
				CLANG_WARN_OBJC_IMPLICIT_RETAIN_SELF = YES;
				CLANG_WARN_OBJC_LITERAL_CONVERSION = YES;
				CLANG_WARN_OBJC_ROOT_CLASS = YES_ERROR;
				CLANG_WARN_QUOTED_INCLUDE_IN_FRAMEWORK_HEADER = YES;
				CLANG_WARN_RANGE_LOOP_ANALYSIS = YES;
				CLANG_WARN_STRICT_PROTOTYPES = YES;
				CLANG_WARN_SUSPICIOUS_MOVE = YES;
				CLANG_WARN_UNGUARDED_AVAILABILITY = YES_AGGRESSIVE;
				CLANG_WARN_UNREACHABLE_CODE = YES;
				CLANG_WARN__DUPLICATE_METHOD_MATCH = YES;
				COPY_PHASE_STRIP = NO;
				DEBUG_INFORMATION_FORMAT = "dwarf-with-dsym";
				ENABLE_NS_ASSERTIONS = NO;
				ENABLE_STRICT_OBJC_MSGSEND = YES;
				GCC_C_LANGUAGE_STANDARD = gnu11;
				GCC_NO_COMMON_BLOCKS = YES;
				GCC_WARN_64_TO_32_BIT_CONVERSION = YES;
				GCC_WARN_ABOUT_RETURN_TYPE = YES_ERROR;
				GCC_WARN_UNDECLARED_SELECTOR = YES;
				GCC_WARN_UNINITIALIZED_AUTOS = YES_AGGRESSIVE;
				GCC_WARN_UNUSED_FUNCTION = YES;
				GCC_WARN_UNUSED_VARIABLE = YES;
				IPHONEOS_DEPLOYMENT_TARGET = 15.2;
				MTL_ENABLE_DEBUG_INFO = NO;
				MTL_FAST_MATH = YES;
				SDKROOT = iphoneos;
				SWIFT_COMPILATION_MODE = wholemodule;
				SWIFT_OPTIMIZATION_LEVEL = "-O";
				VALIDATE_PRODUCT = YES;
			};
			name = Release;
		};
		C75DD74E27A8202F005F7AC8 /* Debug */ = {
			isa = XCBuildConfiguration;
			buildSettings = {
				ASSETCATALOG_COMPILER_APPICON_NAME = AppIcon;
				ASSETCATALOG_COMPILER_GLOBAL_ACCENT_COLOR_NAME = AccentColor;
				CODE_SIGN_STYLE = Automatic;
				CURRENT_PROJECT_VERSION = 1;
				DEVELOPMENT_ASSET_PATHS = "\"CalendarApp/Preview Content\"";
				ENABLE_PREVIEWS = YES;
				GENERATE_INFOPLIST_FILE = YES;
				INFOPLIST_KEY_UIApplicationSceneManifest_Generation = YES;
				INFOPLIST_KEY_UIApplicationSupportsIndirectInputEvents = YES;
				INFOPLIST_KEY_UILaunchScreen_Generation = YES;
				INFOPLIST_KEY_UISupportedInterfaceOrientations_iPad = "UIInterfaceOrientationPortrait UIInterfaceOrientationPortraitUpsideDown UIInterfaceOrientationLandscapeLeft UIInterfaceOrientationLandscapeRight";
				INFOPLIST_KEY_UISupportedInterfaceOrientations_iPhone = "UIInterfaceOrientationPortrait UIInterfaceOrientationLandscapeLeft UIInterfaceOrientationLandscapeRight";
				LD_RUNPATH_SEARCH_PATHS = (
					"$(inherited)",
					"@executable_path/Frameworks",
				);
				MARKETING_VERSION = 1.0;
				PRODUCT_BUNDLE_IDENTIFIER = HugoLextrait.CalendarApp;
				PRODUCT_NAME = "$(TARGET_NAME)";
				SWIFT_EMIT_LOC_STRINGS = YES;
				SWIFT_VERSION = 5.0;
				TARGETED_DEVICE_FAMILY = "1,2";
			};
			name = Debug;
		};
		C75DD74F27A8202F005F7AC8 /* Release */ = {
			isa = XCBuildConfiguration;
			buildSettings = {
				ASSETCATALOG_COMPILER_APPICON_NAME = AppIcon;
				ASSETCATALOG_COMPILER_GLOBAL_ACCENT_COLOR_NAME = AccentColor;
				CODE_SIGN_STYLE = Automatic;
				CURRENT_PROJECT_VERSION = 1;
				DEVELOPMENT_ASSET_PATHS = "\"CalendarApp/Preview Content\"";
				ENABLE_PREVIEWS = YES;
				GENERATE_INFOPLIST_FILE = YES;
				INFOPLIST_KEY_UIApplicationSceneManifest_Generation = YES;
				INFOPLIST_KEY_UIApplicationSupportsIndirectInputEvents = YES;
				INFOPLIST_KEY_UILaunchScreen_Generation = YES;
				INFOPLIST_KEY_UISupportedInterfaceOrientations_iPad = "UIInterfaceOrientationPortrait UIInterfaceOrientationPortraitUpsideDown UIInterfaceOrientationLandscapeLeft UIInterfaceOrientationLandscapeRight";
				INFOPLIST_KEY_UISupportedInterfaceOrientations_iPhone = "UIInterfaceOrientationPortrait UIInterfaceOrientationLandscapeLeft UIInterfaceOrientationLandscapeRight";
				LD_RUNPATH_SEARCH_PATHS = (
					"$(inherited)",
					"@executable_path/Frameworks",
				);
				MARKETING_VERSION = 1.0;
				PRODUCT_BUNDLE_IDENTIFIER = HugoLextrait.CalendarApp;
				PRODUCT_NAME = "$(TARGET_NAME)";
				SWIFT_EMIT_LOC_STRINGS = YES;
				SWIFT_VERSION = 5.0;
				TARGETED_DEVICE_FAMILY = "1,2";
			};
			name = Release;
		};
		C75DD75127A8202F005F7AC8 /* Debug */ = {
			isa = XCBuildConfiguration;
			buildSettings = {
				ALWAYS_EMBED_SWIFT_STANDARD_LIBRARIES = YES;
				BUNDLE_LOADER = "$(TEST_HOST)";
				CODE_SIGN_STYLE = Automatic;
				CURRENT_PROJECT_VERSION = 1;
				GENERATE_INFOPLIST_FILE = YES;
				IPHONEOS_DEPLOYMENT_TARGET = 15.2;
				MARKETING_VERSION = 1.0;
				PRODUCT_BUNDLE_IDENTIFIER = HugoLextrait.CalendarAppTests;
				PRODUCT_NAME = "$(TARGET_NAME)";
				SWIFT_EMIT_LOC_STRINGS = NO;
				SWIFT_VERSION = 5.0;
				TARGETED_DEVICE_FAMILY = "1,2";
				TEST_HOST = "$(BUILT_PRODUCTS_DIR)/CalendarApp.app/CalendarApp";
			};
			name = Debug;
		};
		C75DD75227A8202F005F7AC8 /* Release */ = {
			isa = XCBuildConfiguration;
			buildSettings = {
				ALWAYS_EMBED_SWIFT_STANDARD_LIBRARIES = YES;
				BUNDLE_LOADER = "$(TEST_HOST)";
				CODE_SIGN_STYLE = Automatic;
				CURRENT_PROJECT_VERSION = 1;
				GENERATE_INFOPLIST_FILE = YES;
				IPHONEOS_DEPLOYMENT_TARGET = 15.2;
				MARKETING_VERSION = 1.0;
				PRODUCT_BUNDLE_IDENTIFIER = HugoLextrait.CalendarAppTests;
				PRODUCT_NAME = "$(TARGET_NAME)";
				SWIFT_EMIT_LOC_STRINGS = NO;
				SWIFT_VERSION = 5.0;
				TARGETED_DEVICE_FAMILY = "1,2";
				TEST_HOST = "$(BUILT_PRODUCTS_DIR)/CalendarApp.app/CalendarApp";
			};
			name = Release;
		};
		C75DD75427A8202F005F7AC8 /* Debug */ = {
			isa = XCBuildConfiguration;
			buildSettings = {
				ALWAYS_EMBED_SWIFT_STANDARD_LIBRARIES = YES;
				CODE_SIGN_STYLE = Automatic;
				CURRENT_PROJECT_VERSION = 1;
				GENERATE_INFOPLIST_FILE = YES;
				MARKETING_VERSION = 1.0;
				PRODUCT_BUNDLE_IDENTIFIER = HugoLextrait.CalendarAppUITests;
				PRODUCT_NAME = "$(TARGET_NAME)";
				SWIFT_EMIT_LOC_STRINGS = NO;
				SWIFT_VERSION = 5.0;
				TARGETED_DEVICE_FAMILY = "1,2";
				TEST_TARGET_NAME = CalendarApp;
			};
			name = Debug;
		};
		C75DD75527A8202F005F7AC8 /* Release */ = {
			isa = XCBuildConfiguration;
			buildSettings = {
				ALWAYS_EMBED_SWIFT_STANDARD_LIBRARIES = YES;
				CODE_SIGN_STYLE = Automatic;
				CURRENT_PROJECT_VERSION = 1;
				GENERATE_INFOPLIST_FILE = YES;
				MARKETING_VERSION = 1.0;
				PRODUCT_BUNDLE_IDENTIFIER = HugoLextrait.CalendarAppUITests;
				PRODUCT_NAME = "$(TARGET_NAME)";
				SWIFT_EMIT_LOC_STRINGS = NO;
				SWIFT_VERSION = 5.0;
				TARGETED_DEVICE_FAMILY = "1,2";
				TEST_TARGET_NAME = CalendarApp;
			};
			name = Release;
		};
/* End XCBuildConfiguration section */

/* Begin XCConfigurationList section */
		C75DD72427A8202D005F7AC8 /* Build configuration list for PBXProject "CalendarApp" */ = {
			isa = XCConfigurationList;
			buildConfigurations = (
				C75DD74B27A8202F005F7AC8 /* Debug */,
				C75DD74C27A8202F005F7AC8 /* Release */,
			);
			defaultConfigurationIsVisible = 0;
			defaultConfigurationName = Release;
		};
		C75DD74D27A8202F005F7AC8 /* Build configuration list for PBXNativeTarget "CalendarApp" */ = {
			isa = XCConfigurationList;
			buildConfigurations = (
				C75DD74E27A8202F005F7AC8 /* Debug */,
				C75DD74F27A8202F005F7AC8 /* Release */,
			);
			defaultConfigurationIsVisible = 0;
			defaultConfigurationName = Release;
		};
		C75DD75027A8202F005F7AC8 /* Build configuration list for PBXNativeTarget "CalendarAppTests" */ = {
			isa = XCConfigurationList;
			buildConfigurations = (
				C75DD75127A8202F005F7AC8 /* Debug */,
				C75DD75227A8202F005F7AC8 /* Release */,
			);
			defaultConfigurationIsVisible = 0;
			defaultConfigurationName = Release;
		};
		C75DD75327A8202F005F7AC8 /* Build configuration list for PBXNativeTarget "CalendarAppUITests" */ = {
			isa = XCConfigurationList;
			buildConfigurations = (
				C75DD75427A8202F005F7AC8 /* Debug */,
				C75DD75527A8202F005F7AC8 /* Release */,
			);
			defaultConfigurationIsVisible = 0;
			defaultConfigurationName = Release;
		};
/* End XCConfigurationList section */
	};
	rootObject = C75DD72127A8202D005F7AC8 /* Project object */;
}
